
Microsoft Visual Studio Solution File, Format Version 12.00
# Visual Studio Version 16
VisualStudioVersion = 16.0.31729.503
MinimumVisualStudioVersion = 10.0.40219.1
Project("{FAE04EC0-301F-11D3-BF4B-00C04F79EFBC}") = "EEGDataAnalizer", "EEGDataAnalizer.csproj", "{38EAFAA0-6043-42C6-B50E-FA35BFD85659}"
EndProject
Project("{FAE04EC0-301F-11D3-BF4B-00C04F79EFBC}") = "EEGDataAnalizerVisual", "..\EEGDataAnalizerVisual\EEGDataAnalizerVisual.csproj", "{5E391E3B-1E26-4DDE-B141-B1967B13359D}"
EndProject
Global
	GlobalSection(SolutionConfigurationPlatforms) = preSolution
		Debug|Any CPU = Debug|Any CPU
		Release|Any CPU = Release|Any CPU
	EndGlobalSection
	GlobalSection(ProjectConfigurationPlatforms) = postSolution
		{38EAFAA0-6043-42C6-B50E-FA35BFD85659}.Debug|Any CPU.ActiveCfg = Debug|Any CPU
		{38EAFAA0-6043-42C6-B50E-FA35BFD85659}.Debug|Any CPU.Build.0 = Debug|Any CPU
		{38EAFAA0-6043-42C6-B50E-FA35BFD85659}.Release|Any CPU.ActiveCfg = Release|Any CPU
		{38EAFAA0-6043-42C6-B50E-FA35BFD85659}.Release|Any CPU.Build.0 = Release|Any CPU
		{5E391E3B-1E26-4DDE-B141-B1967B13359D}.Debug|Any CPU.ActiveCfg = Debug|Any CPU
		{5E391E3B-1E26-4DDE-B141-B1967B13359D}.Debug|Any CPU.Build.0 = Debug|Any CPU
		{5E391E3B-1E26-4DDE-B141-B1967B13359D}.Release|Any CPU.ActiveCfg = Release|Any CPU
		{5E391E3B-1E26-4DDE-B141-B1967B13359D}.Release|Any CPU.Build.0 = Release|Any CPU
	EndGlobalSection
	GlobalSection(SolutionProperties) = preSolution
		HideSolutionNode = FALSE
	EndGlobalSection
	GlobalSection(ExtensibilityGlobals) = postSolution
		SolutionGuid = {9EFB1DAD-D36F-439F-9EF6-16208A2ADA50}
	EndGlobalSection
EndGlobal
